<?xml version="1.0" encoding="utf-8"?>
<Project ToolsVersion="4.0" xmlns="http://schemas.microsoft.com/developer/msbuild/2003">
  <ItemGroup>
    <ClCompile Include="src\ActivityMonitor.cpp" />
    <ClCompile Include="src\ApplicationManager.cpp" />
    <ClCompile Include="src\DialogManager.cpp" />
    <ClCompile Include="src\HotkeyManager.cpp" />
    <ClCompile Include="src\main.cpp" />
    <ClCompile Include="src\SettingsManager.cpp" />
    <ClCompile Include="src\SystemTray.cpp" />
  </ItemGroup>
  <ItemGroup>
    <ClInclude Include="include\ActivityMonitor.h" />
    <ClInclude Include="include\ApplicationManager.h" />
    <ClInclude Include="include\common.h" />
    <ClInclude Include="include\DialogManager.h" />
    <ClInclude Include="include\framework.h" />
    <ClInclude Include="include\HotkeyManager.h" />
    <ClInclude Include="include\resource.h" />
    <ClInclude Include="include\SettingsManager.h" />
    <ClInclude Include="include\SystemTray.h" />
    <ClInclude Include="include\targetver.h" />
  </ItemGroup>
  <ItemGroup>
    <ResourceCompile Include="assets\mma.rc" />
  </ItemGroup>
  <ItemGroup>
    <Image Include="assets\mma.ico" />
    <Image Include="assets\small.ico" />
  </ItemGroup>
  <ItemGroup>
    <None Include=".gitignore" />
    <None Include="mma_corrected.vcxproj" />
    <None Include="README.md" />
    <None Include="CONTRIBUTING.md" />
    <None Include="CHANGELOG.md" />
    <None Include="LICENSE" />
    <None Include="docs\BUILD.md" />
    <None Include="docs\API.md" />
  </ItemGroup>
</Project>
